
Microsoft Visual Studio Solution File, Format Version 12.00
# Visual Studio 15
VisualStudioVersion = 15.0.28010.2046
MinimumVisualStudioVersion = 10.0.40219.1
Project("{FAE04EC0-301F-11D3-BF4B-00C04F79EFBC}") = "PocketDesktop", "PocketDesktop\PocketDesktop.csproj", "{43445827-7062-45B9-A832-F6865EE28047}"
EndProject
Global
	GlobalSection(SolutionConfigurationPlatforms) = preSolution
		Debug|Any CPU = Debug|Any CPU
		Release|Any CPU = Release|Any CPU
	EndGlobalSection
	GlobalSection(ProjectConfigurationPlatforms) = postSolution
		{43445827-7062-45B9-A832-F6865EE28047}.Debug|Any CPU.ActiveCfg = Debug|Any CPU
		{43445827-7062-45B9-A832-F6865EE28047}.Debug|Any CPU.Build.0 = Debug|Any CPU
		{43445827-7062-45B9-A832-F6865EE28047}.Release|Any CPU.ActiveCfg = Release|Any CPU
		{43445827-7062-45B9-A832-F6865EE28047}.Release|Any CPU.Build.0 = Release|Any CPU
	EndGlobalSection
	GlobalSection(SolutionProperties) = preSolution
		HideSolutionNode = FALSE
	EndGlobalSection
	GlobalSection(ExtensibilityGlobals) = postSolution
		SolutionGuid = {1063ED69-4D90-4BB3-A4F5-B0D81F202BC6}
	EndGlobalSection
EndGlobal
